github.com/go-telegram/bot v1.0.1 h1:Rxg5H6WLN36n1YWzw61O/+krbNM12E+d+BowkrFEcWA=
github.com/go-telegram/bot v1.0.1/go.mod h1:i2TRs7fXWIeaceF3z7KzsMt/he0TwkVC680mvdTFYeM=
github.com/magefile/mage v1.15.0 h1:BvGheCMAsG3bWUDbZ8AyXXpCNwU9u5CB6sM+HNb9HYg=
github.com/magefile/mage v1.15.0/go.mod h1:z5UZb/iS3GoOSn0JgWuiw7dxlurVYTu+/jHXqQg881A=
